
Microsoft Visual Studio Solution File, Format Version 12.00
# Visual Studio Version 18
VisualStudioVersion = 18.2.11415.280
MinimumVisualStudioVersion = 10.0.40219.1
Project("{FAE04EC0-301F-11D3-BF4B-00C04F79EFBC}") = "Precheck.Host", "Precheck.Host\Precheck.Host.csproj", "{D4C74297-3241-497D-87A7-2FFE149E8871}"
EndProject
Project("{FAE04EC0-301F-11D3-BF4B-00C04F79EFBC}") = "Precheck.Service", "Precheck.Service\Precheck.Service.csproj", "{204A4C3D-A683-42C1-A95A-72D6FEA0F95C}"
EndProject
Project("{FAE04EC0-301F-11D3-BF4B-00C04F79EFBC}") = "Precheck.Repository", "Precheck.Repository\Precheck.Repository.csproj", "{D5607FDE-6FC0-4A32-8F04-2F76031E13A6}"
EndProject
Project("{FAE04EC0-301F-11D3-BF4B-00C04F79EFBC}") = "Precheck.Models", "Precheck.Models\Precheck.Models.csproj", "{2078F17F-9255-4924-9870-A2863C9BD151}"
EndProject
Project("{FAE04EC0-301F-11D3-BF4B-00C04F79EFBC}") = "Precheck.Agent", "Precheck.Agent\Precheck.Agent.csproj", "{16B9362F-093A-4FEB-8BAB-59391AE8025B}"
EndProject
Global
	GlobalSection(SolutionConfigurationPlatforms) = preSolution
		Debug|Any CPU = Debug|Any CPU
		Debug|x64 = Debug|x64
		Debug|x86 = Debug|x86
		Release|Any CPU = Release|Any CPU
		Release|x64 = Release|x64
		Release|x86 = Release|x86
	EndGlobalSection
	GlobalSection(ProjectConfigurationPlatforms) = postSolution
		{D4C74297-3241-497D-87A7-2FFE149E8871}.Debug|Any CPU.ActiveCfg = Debug|Any CPU
		{D4C74297-3241-497D-87A7-2FFE149E8871}.Debug|Any CPU.Build.0 = Debug|Any CPU
		{D4C74297-3241-497D-87A7-2FFE149E8871}.Debug|x64.ActiveCfg = Debug|Any CPU
		{D4C74297-3241-497D-87A7-2FFE149E8871}.Debug|x64.Build.0 = Debug|Any CPU
		{D4C74297-3241-497D-87A7-2FFE149E8871}.Debug|x86.ActiveCfg = Debug|Any CPU
		{D4C74297-3241-497D-87A7-2FFE149E8871}.Debug|x86.Build.0 = Debug|Any CPU
		{D4C74297-3241-497D-87A7-2FFE149E8871}.Release|Any CPU.ActiveCfg = Release|Any CPU
		{D4C74297-3241-497D-87A7-2FFE149E8871}.Release|Any CPU.Build.0 = Release|Any CPU
		{D4C74297-3241-497D-87A7-2FFE149E8871}.Release|x64.ActiveCfg = Release|Any CPU
		{D4C74297-3241-497D-87A7-2FFE149E8871}.Release|x64.Build.0 = Release|Any CPU
		{D4C74297-3241-497D-87A7-2FFE149E8871}.Release|x86.ActiveCfg = Release|Any CPU
		{D4C74297-3241-497D-87A7-2FFE149E8871}.Release|x86.Build.0 = Release|Any CPU
		{204A4C3D-A683-42C1-A95A-72D6FEA0F95C}.Debug|Any CPU.ActiveCfg = Debug|Any CPU
		{204A4C3D-A683-42C1-A95A-72D6FEA0F95C}.Debug|Any CPU.Build.0 = Debug|Any CPU
		{204A4C3D-A683-42C1-A95A-72D6FEA0F95C}.Debug|x64.ActiveCfg = Debug|Any CPU
		{204A4C3D-A683-42C1-A95A-72D6FEA0F95C}.Debug|x64.Build.0 = Debug|Any CPU
		{204A4C3D-A683-42C1-A95A-72D6FEA0F95C}.Debug|x86.ActiveCfg = Debug|Any CPU
		{204A4C3D-A683-42C1-A95A-72D6FEA0F95C}.Debug|x86.Build.0 = Debug|Any CPU
		{204A4C3D-A683-42C1-A95A-72D6FEA0F95C}.Release|Any CPU.ActiveCfg = Release|Any CPU
		{204A4C3D-A683-42C1-A95A-72D6FEA0F95C}.Release|Any CPU.Build.0 = Release|Any CPU
		{204A4C3D-A683-42C1-A95A-72D6FEA0F95C}.Release|x64.ActiveCfg = Release|Any CPU
		{204A4C3D-A683-42C1-A95A-72D6FEA0F95C}.Release|x64.Build.0 = Release|Any CPU
		{204A4C3D-A683-42C1-A95A-72D6FEA0F95C}.Release|x86.ActiveCfg = Release|Any CPU
		{204A4C3D-A683-42C1-A95A-72D6FEA0F95C}.Release|x86.Build.0 = Release|Any CPU
		{D5607FDE-6FC0-4A32-8F04-2F76031E13A6}.Debug|Any CPU.ActiveCfg = Debug|Any CPU
		{D5607FDE-6FC0-4A32-8F04-2F76031E13A6}.Debug|Any CPU.Build.0 = Debug|Any CPU
		{D5607FDE-6FC0-4A32-8F04-2F76031E13A6}.Debug|x64.ActiveCfg = Debug|Any CPU
		{D5607FDE-6FC0-4A32-8F04-2F76031E13A6}.Debug|x64.Build.0 = Debug|Any CPU
		{D5607FDE-6FC0-4A32-8F04-2F76031E13A6}.Debug|x86.ActiveCfg = Debug|Any CPU
		{D5607FDE-6FC0-4A32-8F04-2F76031E13A6}.Debug|x86.Build.0 = Debug|Any CPU
		{D5607FDE-6FC0-4A32-8F04-2F76031E13A6}.Release|Any CPU.ActiveCfg = Release|Any CPU
		{D5607FDE-6FC0-4A32-8F04-2F76031E13A6}.Release|Any CPU.Build.0 = Release|Any CPU
		{D5607FDE-6FC0-4A32-8F04-2F76031E13A6}.Release|x64.ActiveCfg = Release|Any CPU
		{D5607FDE-6FC0-4A32-8F04-2F76031E13A6}.Release|x64.Build.0 = Release|Any CPU
		{D5607FDE-6FC0-4A32-8F04-2F76031E13A6}.Release|x86.ActiveCfg = Release|Any CPU
		{D5607FDE-6FC0-4A32-8F04-2F76031E13A6}.Release|x86.Build.0 = Release|Any CPU
		{2078F17F-9255-4924-9870-A2863C9BD151}.Debug|Any CPU.ActiveCfg = Debug|Any CPU
		{2078F17F-9255-4924-9870-A2863C9BD151}.Debug|Any CPU.Build.0 = Debug|Any CPU
		{2078F17F-9255-4924-9870-A2863C9BD151}.Debug|x64.ActiveCfg = Debug|Any CPU
		{2078F17F-9255-4924-9870-A2863C9BD151}.Debug|x64.Build.0 = Debug|Any CPU
		{2078F17F-9255-4924-9870-A2863C9BD151}.Debug|x86.ActiveCfg = Debug|Any CPU
		{2078F17F-9255-4924-9870-A2863C9BD151}.Debug|x86.Build.0 = Debug|Any CPU
		{2078F17F-9255-4924-9870-A2863C9BD151}.Release|Any CPU.ActiveCfg = Release|Any CPU
		{2078F17F-9255-4924-9870-A2863C9BD151}.Release|Any CPU.Build.0 = Release|Any CPU
		{2078F17F-9255-4924-9870-A2863C9BD151}.Release|x64.ActiveCfg = Release|Any CPU
		{2078F17F-9255-4924-9870-A2863C9BD151}.Release|x64.Build.0 = Release|Any CPU
		{2078F17F-9255-4924-9870-A2863C9BD151}.Release|x86.ActiveCfg = Release|Any CPU
		{2078F17F-9255-4924-9870-A2863C9BD151}.Release|x86.Build.0 = Release|Any CPU
		{16B9362F-093A-4FEB-8BAB-59391AE8025B}.Debug|Any CPU.ActiveCfg = Debug|Any CPU
		{16B9362F-093A-4FEB-8BAB-59391AE8025B}.Debug|Any CPU.Build.0 = Debug|Any CPU
		{16B9362F-093A-4FEB-8BAB-59391AE8025B}.Debug|x64.ActiveCfg = Debug|Any CPU
		{16B9362F-093A-4FEB-8BAB-59391AE8025B}.Debug|x64.Build.0 = Debug|Any CPU
		{16B9362F-093A-4FEB-8BAB-59391AE8025B}.Debug|x86.ActiveCfg = Debug|Any CPU
		{16B9362F-093A-4FEB-8BAB-59391AE8025B}.Debug|x86.Build.0 = Debug|Any CPU
		{16B9362F-093A-4FEB-8BAB-59391AE8025B}.Release|Any CPU.ActiveCfg = Release|Any CPU
		{16B9362F-093A-4FEB-8BAB-59391AE8025B}.Release|Any CPU.Build.0 = Release|Any CPU
		{16B9362F-093A-4FEB-8BAB-59391AE8025B}.Release|x64.ActiveCfg = Release|Any CPU
		{16B9362F-093A-4FEB-8BAB-59391AE8025B}.Release|x64.Build.0 = Release|Any CPU
		{16B9362F-093A-4FEB-8BAB-59391AE8025B}.Release|x86.ActiveCfg = Release|Any CPU
		{16B9362F-093A-4FEB-8BAB-59391AE8025B}.Release|x86.Build.0 = Release|Any CPU
	EndGlobalSection
	GlobalSection(SolutionProperties) = preSolution
		HideSolutionNode = FALSE
	EndGlobalSection
	GlobalSection(ExtensibilityGlobals) = postSolution
		SolutionGuid = {E6850ED8-EECC-49AD-8DB1-2D91E322233F}
	EndGlobalSection
EndGlobal
